// !$*UTF8*$!
{
	archiveVersion = 1;
	classes = {
	};
	objectVersion = 50;
	objects = {

/* Begin PBXBuildFile section */
		8B0E9C9924565994001DE2A0 /* MinervaEyeTests.swift in Sources */ = {isa = PBXBuildFile; fileRef = 8B843A1C2456018C008B461A /* MinervaEyeTests.swift */; };
		8B843A012456018B008B461A /* AppDelegate.swift in Sources */ = {isa = PBXBuildFile; fileRef = 8B843A002456018B008B461A /* AppDelegate.swift */; };
		8B843A032456018B008B461A /* SceneDelegate.swift in Sources */ = {isa = PBXBuildFile; fileRef = 8B843A022456018B008B461A /* SceneDelegate.swift */; };
		8B843A052456018B008B461A /* ScanViewController.swift in Sources */ = {isa = PBXBuildFile; fileRef = 8B843A042456018B008B461A /* ScanViewController.swift */; };
		8B843A072456018B008B461A /* DatabaseViewController.swift in Sources */ = {isa = PBXBuildFile; fileRef = 8B843A062456018B008B461A /* DatabaseViewController.swift */; };
		8B843A0A2456018B008B461A /* Main.storyboard in Resources */ = {isa = PBXBuildFile; fileRef = 8B843A082456018B008B461A /* Main.storyboard */; };
		8B843A0D2456018B008B461A /* MinervaEye.xcdatamodeld in Sources */ = {isa = PBXBuildFile; fileRef = 8B843A0B2456018B008B461A /* MinervaEye.xcdatamodeld */; };
		8B843A0F2456018C008B461A /* Assets.xcassets in Resources */ = {isa = PBXBuildFile; fileRef = 8B843A0E2456018C008B461A /* Assets.xcassets */; };
		8B843A122456018C008B461A /* LaunchScreen.storyboard in Resources */ = {isa = PBXBuildFile; fileRef = 8B843A102456018C008B461A /* LaunchScreen.storyboard */; };
		8B843A282456018C008B461A /* MinervaEyeUITests.swift in Sources */ = {isa = PBXBuildFile; fileRef = 8B843A272456018C008B461A /* MinervaEyeUITests.swift */; };
		8BDCA77A245680CC00B3B86E /* Schema.swift in Sources */ = {isa = PBXBuildFile; fileRef = 8BDCA779245680CC00B3B86E /* Schema.swift */; };
		8BDCA77E2456829E00B3B86E /* MainViewController.swift in Sources */ = {isa = PBXBuildFile; fileRef = 8BDCA77D2456829E00B3B86E /* MainViewController.swift */; };
		8BDCA7802456986200B3B86E /* BookInfoViewController.swift in Sources */ = {isa = PBXBuildFile; fileRef = 8BDCA77F2456986200B3B86E /* BookInfoViewController.swift */; };
/* End PBXBuildFile section */

/* Begin PBXContainerItemProxy section */
		8B843A192456018C008B461A /* PBXContainerItemProxy */ = {
			isa = PBXContainerItemProxy;
			containerPortal = 8B8439F52456018B008B461A /* Project object */;
			proxyType = 1;
			remoteGlobalIDString = 8B8439FC2456018B008B461A;
			remoteInfo = Minerva;
		};
		8B843A242456018C008B461A /* PBXContainerItemProxy */ = {
			isa = PBXContainerItemProxy;
			containerPortal = 8B8439F52456018B008B461A /* Project object */;
			proxyType = 1;
			remoteGlobalIDString = 8B8439FC2456018B008B461A;
			remoteInfo = Minerva;
		};
/* End PBXContainerItemProxy section */

/* Begin PBXFileReference section */
		8B8439FD2456018B008B461A /* Minerva Eye.app */ = {isa = PBXFileReference; explicitFileType = wrapper.application; includeInIndex = 0; path = "Minerva Eye.app"; sourceTree = BUILT_PRODUCTS_DIR; };
		8B843A002456018B008B461A /* AppDelegate.swift */ = {isa = PBXFileReference; lastKnownFileType = sourcecode.swift; path = AppDelegate.swift; sourceTree = "<group>"; };
		8B843A022456018B008B461A /* SceneDelegate.swift */ = {isa = PBXFileReference; lastKnownFileType = sourcecode.swift; path = SceneDelegate.swift; sourceTree = "<group>"; };
		8B843A042456018B008B461A /* ScanViewController.swift */ = {isa = PBXFileReference; lastKnownFileType = sourcecode.swift; path = ScanViewController.swift; sourceTree = "<group>"; };
		8B843A062456018B008B461A /* DatabaseViewController.swift */ = {isa = PBXFileReference; lastKnownFileType = sourcecode.swift; path = DatabaseViewController.swift; sourceTree = "<group>"; };
		8B843A092456018B008B461A /* Base */ = {isa = PBXFileReference; lastKnownFileType = file.storyboard; name = Base; path = Base.lproj/Main.storyboard; sourceTree = "<group>"; };
		8B843A0C2456018B008B461A /* Minerva.xcdatamodel */ = {isa = PBXFileReference; lastKnownFileType = wrapper.xcdatamodel; path = Minerva.xcdatamodel; sourceTree = "<group>"; };
		8B843A0E2456018C008B461A /* Assets.xcassets */ = {isa = PBXFileReference; lastKnownFileType = folder.assetcatalog; path = Assets.xcassets; sourceTree = "<group>"; };
		8B843A112456018C008B461A /* Base */ = {isa = PBXFileReference; lastKnownFileType = file.storyboard; name = Base; path = Base.lproj/LaunchScreen.storyboard; sourceTree = "<group>"; };
		8B843A132456018C008B461A /* Info.plist */ = {isa = PBXFileReference; lastKnownFileType = text.plist.xml; path = Info.plist; sourceTree = "<group>"; };
		8B843A182456018C008B461A /* MinervaEyeTests.xctest */ = {isa = PBXFileReference; explicitFileType = wrapper.cfbundle; includeInIndex = 0; path = MinervaEyeTests.xctest; sourceTree = BUILT_PRODUCTS_DIR; };
		8B843A1C2456018C008B461A /* MinervaEyeTests.swift */ = {isa = PBXFileReference; lastKnownFileType = sourcecode.swift; path = MinervaEyeTests.swift; sourceTree = "<group>"; };
		8B843A1E2456018C008B461A /* Info.plist */ = {isa = PBXFileReference; lastKnownFileType = text.plist.xml; path = Info.plist; sourceTree = "<group>"; };
		8B843A232456018C008B461A /* MinervaEyeUITests.xctest */ = {isa = PBXFileReference; explicitFileType = wrapper.cfbundle; includeInIndex = 0; path = MinervaEyeUITests.xctest; sourceTree = BUILT_PRODUCTS_DIR; };
		8B843A272456018C008B461A /* MinervaEyeUITests.swift */ = {isa = PBXFileReference; lastKnownFileType = sourcecode.swift; path = MinervaEyeUITests.swift; sourceTree = "<group>"; };
		8B843A292456018C008B461A /* Info.plist */ = {isa = PBXFileReference; lastKnownFileType = text.plist.xml; path = Info.plist; sourceTree = "<group>"; };
		8BDCA779245680CC00B3B86E /* Schema.swift */ = {isa = PBXFileReference; lastKnownFileType = sourcecode.swift; path = Schema.swift; sourceTree = "<group>"; };
		8BDCA77D2456829E00B3B86E /* MainViewController.swift */ = {isa = PBXFileReference; lastKnownFileType = sourcecode.swift; path = MainViewController.swift; sourceTree = "<group>"; };
		8BDCA77F2456986200B3B86E /* BookInfoViewController.swift */ = {isa = PBXFileReference; lastKnownFileType = sourcecode.swift; path = BookInfoViewController.swift; sourceTree = "<group>"; };
/* End PBXFileReference section */

/* Begin PBXFrameworksBuildPhase section */
		8B8439FA2456018B008B461A /* Frameworks */ = {
			isa = PBXFrameworksBuildPhase;
			buildActionMask = 2147483647;
			files = (
			);
			runOnlyForDeploymentPostprocessing = 0;
		};
		8B843A152456018C008B461A /* Frameworks */ = {
			isa = PBXFrameworksBuildPhase;
			buildActionMask = 2147483647;
			files = (
			);
			runOnlyForDeploymentPostprocessing = 0;
		};
		8B843A202456018C008B461A /* Frameworks */ = {
			isa = PBXFrameworksBuildPhase;
			buildActionMask = 2147483647;
			files = (
			);
			runOnlyForDeploymentPostprocessing = 0;
		};
/* End PBXFrameworksBuildPhase section */

/* Begin PBXGroup section */
		8B8439F42456018B008B461A = {
			isa = PBXGroup;
			children = (
				8B8439FF2456018B008B461A /* MinervaEye */,
				8B843A1B2456018C008B461A /* MinervaEyeTests */,
				8B843A262456018C008B461A /* MinervaEyeUITests */,
				8B8439FE2456018B008B461A /* Products */,
			);
			sourceTree = "<group>";
		};
		8B8439FE2456018B008B461A /* Products */ = {
			isa = PBXGroup;
			children = (
				8B8439FD2456018B008B461A /* Minerva Eye.app */,
				8B843A182456018C008B461A /* MinervaEyeTests.xctest */,
				8B843A232456018C008B461A /* MinervaEyeUITests.xctest */,
			);
			name = Products;
			sourceTree = "<group>";
		};
		8B8439FF2456018B008B461A /* MinervaEye */ = {
			isa = PBXGroup;
			children = (
				8B843A002456018B008B461A /* AppDelegate.swift */,
				8B843A022456018B008B461A /* SceneDelegate.swift */,
				8B843A042456018B008B461A /* ScanViewController.swift */,
				8B843A062456018B008B461A /* DatabaseViewController.swift */,
				8B843A082456018B008B461A /* Main.storyboard */,
				8B843A0E2456018C008B461A /* Assets.xcassets */,
				8B843A102456018C008B461A /* LaunchScreen.storyboard */,
				8B843A132456018C008B461A /* Info.plist */,
				8B843A0B2456018B008B461A /* MinervaEye.xcdatamodeld */,
				8BDCA779245680CC00B3B86E /* Schema.swift */,
				8BDCA77D2456829E00B3B86E /* MainViewController.swift */,
				8BDCA77F2456986200B3B86E /* BookInfoViewController.swift */,
			);
			path = MinervaEye;
			sourceTree = "<group>";
		};
		8B843A1B2456018C008B461A /* MinervaEyeTests */ = {
			isa = PBXGroup;
			children = (
				8B843A1C2456018C008B461A /* MinervaEyeTests.swift */,
				8B843A1E2456018C008B461A /* Info.plist */,
			);
			path = MinervaEyeTests;
			sourceTree = "<group>";
		};
		8B843A262456018C008B461A /* MinervaEyeUITests */ = {
			isa = PBXGroup;
			children = (
				8B843A272456018C008B461A /* MinervaEyeUITests.swift */,
				8B843A292456018C008B461A /* Info.plist */,
			);
			path = MinervaEyeUITests;
			sourceTree = "<group>";
		};
/* End PBXGroup section */

/* Begin PBXNativeTarget section */
		8B8439FC2456018B008B461A /* MinervaEye */ = {
			isa = PBXNativeTarget;
			buildConfigurationList = 8B843A2C2456018C008B461A /* Build configuration list for PBXNativeTarget "MinervaEye" */;
			buildPhases = (
				8B8439F92456018B008B461A /* Sources */,
				8B8439FA2456018B008B461A /* Frameworks */,
				8B8439FB2456018B008B461A /* Resources */,
			);
			buildRules = (
			);
			dependencies = (
			);
			name = MinervaEye;
			productName = Minerva;
			productReference = 8B8439FD2456018B008B461A /* Minerva Eye.app */;
			productType = "com.apple.product-type.application";
		};
		8B843A172456018C008B461A /* MinervaEyeTests */ = {
			isa = PBXNativeTarget;
			buildConfigurationList = 8B843A2F2456018C008B461A /* Build configuration list for PBXNativeTarget "MinervaEyeTests" */;
			buildPhases = (
				8B843A142456018C008B461A /* Sources */,
				8B843A152456018C008B461A /* Frameworks */,
				8B843A162456018C008B461A /* Resources */,
			);
			buildRules = (
			);
			dependencies = (
				8B843A1A2456018C008B461A /* PBXTargetDependency */,
			);
			name = MinervaEyeTests;
			productName = MinervaTests;
			productReference = 8B843A182456018C008B461A /* MinervaEyeTests.xctest */;
			productType = "com.apple.product-type.bundle.unit-test";
		};
		8B843A222456018C008B461A /* MinervaEyeUITests */ = {
			isa = PBXNativeTarget;
			buildConfigurationList = 8B843A322456018C008B461A /* Build configuration list for PBXNativeTarget "MinervaEyeUITests" */;
			buildPhases = (
				8B843A1F2456018C008B461A /* Sources */,
				8B843A202456018C008B461A /* Frameworks */,
				8B843A212456018C008B461A /* Resources */,
			);
			buildRules = (
			);
			dependencies = (
				8B843A252456018C008B461A /* PBXTargetDependency */,
			);
			name = MinervaEyeUITests;
			productName = MinervaUITests;
			productReference = 8B843A232456018C008B461A /* MinervaEyeUITests.xctest */;
			productType = "com.apple.product-type.bundle.ui-testing";
		};
/* End PBXNativeTarget section */

/* Begin PBXProject section */
		8B8439F52456018B008B461A /* Project object */ = {
			isa = PBXProject;
			attributes = {
				LastSwiftUpdateCheck = 1120;
				LastUpgradeCheck = 1120;
				ORGANIZATIONNAME = "Tomas Korcak";
				TargetAttributes = {
					8B8439FC2456018B008B461A = {
						CreatedOnToolsVersion = 11.2;
					};
					8B843A172456018C008B461A = {
						CreatedOnToolsVersion = 11.2;
						TestTargetID = 8B8439FC2456018B008B461A;
					};
					8B843A222456018C008B461A = {
						CreatedOnToolsVersion = 11.2;
						TestTargetID = 8B8439FC2456018B008B461A;
					};
				};
			};
			buildConfigurationList = 8B8439F82456018B008B461A /* Build configuration list for PBXProject "MinervaEye" */;
			compatibilityVersion = "Xcode 9.3";
			developmentRegion = en;
			hasScannedForEncodings = 0;
			knownRegions = (
				en,
				Base,
			);
			mainGroup = 8B8439F42456018B008B461A;
			productRefGroup = 8B8439FE2456018B008B461A /* Products */;
			projectDirPath = "";
			projectRoot = "";
			targets = (
				8B8439FC2456018B008B461A /* MinervaEye */,
				8B843A172456018C008B461A /* MinervaEyeTests */,
				8B843A222456018C008B461A /* MinervaEyeUITests */,
			);
		};
/* End PBXProject section */

/* Begin PBXResourcesBuildPhase section */
		8B8439FB2456018B008B461A /* Resources */ = {
			isa = PBXResourcesBuildPhase;
			buildActionMask = 2147483647;
			files = (
				8B843A122456018C008B461A /* LaunchScreen.storyboard in Resources */,
				8B843A0F2456018C008B461A /* Assets.xcassets in Resources */,
				8B843A0A2456018B008B461A /* Main.storyboard in Resources */,
			);
			runOnlyForDeploymentPostprocessing = 0;
		};
		8B843A162456018C008B461A /* Resources */ = {
			isa = PBXResourcesBuildPhase;
			buildActionMask = 2147483647;
			files = (
			);
			runOnlyForDeploymentPostprocessing = 0;
		};
		8B843A212456018C008B461A /* Resources */ = {
			isa = PBXResourcesBuildPhase;
			buildActionMask = 2147483647;
			files = (
			);
			runOnlyForDeploymentPostprocessing = 0;
		};
/* End PBXResourcesBuildPhase section */

/* Begin PBXSourcesBuildPhase section */
		8B8439F92456018B008B461A /* Sources */ = {
			isa = PBXSourcesBuildPhase;
			buildActionMask = 2147483647;
			files = (
				8BDCA77E2456829E00B3B86E /* MainViewController.swift in Sources */,
				8BDCA77A245680CC00B3B86E /* Schema.swift in Sources */,
				8B843A072456018B008B461A /* DatabaseViewController.swift in Sources */,
				8B843A052456018B008B461A /* ScanViewController.swift in Sources */,
				8B843A012456018B008B461A /* AppDelegate.swift in Sources */,
				8B843A0D2456018B008B461A /* MinervaEye.xcdatamodeld in Sources */,
				8B843A032456018B008B461A /* SceneDelegate.swift in Sources */,
				8BDCA7802456986200B3B86E /* BookInfoViewController.swift in Sources */,
			);
			runOnlyForDeploymentPostprocessing = 0;
		};
		8B843A142456018C008B461A /* Sources */ = {
			isa = PBXSourcesBuildPhase;
			buildActionMask = 2147483647;
			files = (
				8B0E9C9924565994001DE2A0 /* MinervaEyeTests.swift in Sources */,
			);
			runOnlyForDeploymentPostprocessing = 0;
		};
		8B843A1F2456018C008B461A /* Sources */ = {
			isa = PBXSourcesBuildPhase;
			buildActionMask = 2147483647;
			files = (
				8B843A282456018C008B461A /* MinervaEyeUITests.swift in Sources */,
			);
			runOnlyForDeploymentPostprocessing = 0;
		};
/* End PBXSourcesBuildPhase section */

/* Begin PBXTargetDependency section */
		8B843A1A2456018C008B461A /* PBXTargetDependency */ = {
			isa = PBXTargetDependency;
			target = 8B8439FC2456018B008B461A /* MinervaEye */;
			targetProxy = 8B843A192456018C008B461A /* PBXContainerItemProxy */;
		};
		8B843A252456018C008B461A /* PBXTargetDependency */ = {
			isa = PBXTargetDependency;
			target = 8B8439FC2456018B008B461A /* MinervaEye */;
			targetProxy = 8B843A242456018C008B461A /* PBXContainerItemProxy */;
		};
/* End PBXTargetDependency section */

/* Begin PBXVariantGroup section */
		8B843A082456018B008B461A /* Main.storyboard */ = {
			isa = PBXVariantGroup;
			children = (
				8B843A092456018B008B461A /* Base */,
			);
			name = Main.storyboard;
			sourceTree = "<group>";
		};
		8B843A102456018C008B461A /* LaunchScreen.storyboard */ = {
			isa = PBXVariantGroup;
			children = (
				8B843A112456018C008B461A /* Base */,
			);
			name = LaunchScreen.storyboard;
			sourceTree = "<group>";
		};
/* End PBXVariantGroup section */

/* Begin XCBuildConfiguration section */
		8B843A2A2456018C008B461A /* Debug */ = {
			isa = XCBuildConfiguration;
			buildSettings = {
				ALWAYS_SEARCH_USER_PATHS = NO;
				CLANG_ANALYZER_NONNULL = YES;
				CLANG_ANALYZER_NUMBER_OBJECT_CONVERSION = YES_AGGRESSIVE;
				CLANG_CXX_LANGUAGE_STANDARD = "gnu++14";
				CLANG_CXX_LIBRARY = "libc++";
				CLANG_ENABLE_MODULES = YES;
				CLANG_ENABLE_OBJC_ARC = YES;
				CLANG_ENABLE_OBJC_WEAK = YES;
				CLANG_WARN_BLOCK_CAPTURE_AUTORELEASING = YES;
				CLANG_WARN_BOOL_CONVERSION = YES;
				CLANG_WARN_COMMA = YES;
				CLANG_WARN_CONSTANT_CONVERSION = YES;
				CLANG_WARN_DEPRECATED_OBJC_IMPLEMENTATIONS = YES;
				CLANG_WARN_DIRECT_OBJC_ISA_USAGE = YES_ERROR;
				CLANG_WARN_DOCUMENTATION_COMMENTS = YES;
				CLANG_WARN_EMPTY_BODY = YES;
				CLANG_WARN_ENUM_CONVERSION = YES;
				CLANG_WARN_INFINITE_RECURSION = YES;
				CLANG_WARN_INT_CONVERSION = YES;
				CLANG_WARN_NON_LITERAL_NULL_CONVERSION = YES;
				CLANG_WARN_OBJC_IMPLICIT_RETAIN_SELF = YES;
				CLANG_WARN_OBJC_LITERAL_CONVERSION = YES;
				CLANG_WARN_OBJC_ROOT_CLASS = YES_ERROR;
				CLANG_WARN_RANGE_LOOP_ANALYSIS = YES;
				CLANG_WARN_STRICT_PROTOTYPES = YES;
				CLANG_WARN_SUSPICIOUS_MOVE = YES;
				CLANG_WARN_UNGUARDED_AVAILABILITY = YES_AGGRESSIVE;
				CLANG_WARN_UNREACHABLE_CODE = YES;
				CLANG_WARN__DUPLICATE_METHOD_MATCH = YES;
				COPY_PHASE_STRIP = NO;
				DEBUG_INFORMATION_FORMAT = dwarf;
				ENABLE_STRICT_OBJC_MSGSEND = YES;
				ENABLE_TESTABILITY = YES;
				GCC_C_LANGUAGE_STANDARD = gnu11;
				GCC_DYNAMIC_NO_PIC = NO;
				GCC_NO_COMMON_BLOCKS = YES;
				GCC_OPTIMIZATION_LEVEL = 0;
				GCC_PREPROCESSOR_DEFINITIONS = (
					"DEBUG=1",
					"$(inherited)",
				);
				GCC_WARN_64_TO_32_BIT_CONVERSION = YES;
				GCC_WARN_ABOUT_RETURN_TYPE = YES_ERROR;
				GCC_WARN_UNDECLARED_SELECTOR = YES;
				GCC_WARN_UNINITIALIZED_AUTOS = YES_AGGRESSIVE;
				GCC_WARN_UNUSED_FUNCTION = YES;
				GCC_WARN_UNUSED_VARIABLE = YES;
				IPHONEOS_DEPLOYMENT_TARGET = 13.2;
				MTL_ENABLE_DEBUG_INFO = INCLUDE_SOURCE;
				MTL_FAST_MATH = YES;
				ONLY_ACTIVE_ARCH = YES;
				SDKROOT = iphoneos;
				SWIFT_ACTIVE_COMPILATION_CONDITIONS = DEBUG;
				SWIFT_OPTIMIZATION_LEVEL = "-Onone";
			};
			name = Debug;
		};
		8B843A2B2456018C008B461A /* Release */ = {
			isa = XCBuildConfiguration;
			buildSettings = {
				ALWAYS_SEARCH_USER_PATHS = NO;
				CLANG_ANALYZER_NONNULL = YES;
				CLANG_ANALYZER_NUMBER_OBJECT_CONVERSION = YES_AGGRESSIVE;
				CLANG_CXX_LANGUAGE_STANDARD = "gnu++14";
				CLANG_CXX_LIBRARY = "libc++";
				CLANG_ENABLE_MODULES = YES;
				CLANG_ENABLE_OBJC_ARC = YES;
				CLANG_ENABLE_OBJC_WEAK = YES;
				CLANG_WARN_BLOCK_CAPTURE_AUTORELEASING = YES;
				CLANG_WARN_BOOL_CONVERSION = YES;
				CLANG_WARN_COMMA = YES;
				CLANG_WARN_CONSTANT_CONVERSION = YES;
				CLANG_WARN_DEPRECATED_OBJC_IMPLEMENTATIONS = YES;
				CLANG_WARN_DIRECT_OBJC_ISA_USAGE = YES_ERROR;
				CLANG_WARN_DOCUMENTATION_COMMENTS = YES;
				CLANG_WARN_EMPTY_BODY = YES;
				CLANG_WARN_ENUM_CONVERSION = YES;
				CLANG_WARN_INFINITE_RECURSION = YES;
				CLANG_WARN_INT_CONVERSION = YES;
				CLANG_WARN_NON_LITERAL_NULL_CONVERSION = YES;
				CLANG_WARN_OBJC_IMPLICIT_RETAIN_SELF = YES;
				CLANG_WARN_OBJC_LITERAL_CONVERSION = YES;
				CLANG_WARN_OBJC_ROOT_CLASS = YES_ERROR;
				CLANG_WARN_RANGE_LOOP_ANALYSIS = YES;
				CLANG_WARN_STRICT_PROTOTYPES = YES;
				CLANG_WARN_SUSPICIOUS_MOVE = YES;
				CLANG_WARN_UNGUARDED_AVAILABILITY = YES_AGGRESSIVE;
				CLANG_WARN_UNREACHABLE_CODE = YES;
				CLANG_WARN__DUPLICATE_METHOD_MATCH = YES;
				COPY_PHASE_STRIP = NO;
				DEBUG_INFORMATION_FORMAT = "dwarf-with-dsym";
				ENABLE_NS_ASSERTIONS = NO;
				ENABLE_STRICT_OBJC_MSGSEND = YES;
				GCC_C_LANGUAGE_STANDARD = gnu11;
				GCC_NO_COMMON_BLOCKS = YES;
				GCC_WARN_64_TO_32_BIT_CONVERSION = YES;
				GCC_WARN_ABOUT_RETURN_TYPE = YES_ERROR;
				GCC_WARN_UNDECLARED_SELECTOR = YES;
				GCC_WARN_UNINITIALIZED_AUTOS = YES_AGGRESSIVE;
				GCC_WARN_UNUSED_FUNCTION = YES;
				GCC_WARN_UNUSED_VARIABLE = YES;
				IPHONEOS_DEPLOYMENT_TARGET = 13.2;
				MTL_ENABLE_DEBUG_INFO = NO;
				MTL_FAST_MATH = YES;
				SDKROOT = iphoneos;
				SWIFT_COMPILATION_MODE = wholemodule;
				SWIFT_OPTIMIZATION_LEVEL = "-O";
				VALIDATE_PRODUCT = YES;
			};
			name = Release;
		};
		8B843A2D2456018C008B461A /* Debug */ = {
			isa = XCBuildConfiguration;
			buildSettings = {
				ASSETCATALOG_COMPILER_APPICON_NAME = AppIcon;
				CODE_SIGN_IDENTITY = "Apple Development";
				CODE_SIGN_STYLE = Automatic;
				DEVELOPMENT_TEAM = KX95WW6S4G;
				INFOPLIST_FILE = MinervaEye/Info.plist;
				LD_RUNPATH_SEARCH_PATHS = (
					"$(inherited)",
					"@executable_path/Frameworks",
				);
				PRODUCT_BUNDLE_IDENTIFIER = korczis.MinervaEye;
				PRODUCT_NAME = "Minerva Eye";
				PROVISIONING_PROFILE_SPECIFIER = "";
				SWIFT_VERSION = 5.0;
				TARGETED_DEVICE_FAMILY = "1,2";
			};
			name = Debug;
		};
		8B843A2E2456018C008B461A /* Release */ = {
			isa = XCBuildConfiguration;
			buildSettings = {
				ASSETCATALOG_COMPILER_APPICON_NAME = AppIcon;
				CODE_SIGN_IDENTITY = "Apple Development";
				CODE_SIGN_STYLE = Automatic;
				DEVELOPMENT_TEAM = KX95WW6S4G;
				INFOPLIST_FILE = MinervaEye/Info.plist;
				LD_RUNPATH_SEARCH_PATHS = (
					"$(inherited)",
					"@executable_path/Frameworks",
				);
				PRODUCT_BUNDLE_IDENTIFIER = korczis.MinervaEye;
				PRODUCT_NAME = "Minerva Eye";
				PROVISIONING_PROFILE_SPECIFIER = "";
				SWIFT_VERSION = 5.0;
				TARGETED_DEVICE_FAMILY = "1,2";
			};
			name = Release;
		};
		8B843A302456018C008B461A /* Debug */ = {
			isa = XCBuildConfiguration;
			buildSettings = {
				ALWAYS_EMBED_SWIFT_STANDARD_LIBRARIES = YES;
				BUNDLE_LOADER = "$(TEST_HOST)";
				CODE_SIGN_STYLE = Automatic;
				DEVELOPMENT_TEAM = K6FP9N8XL7;
				INFOPLIST_FILE = MinervaTests/Info.plist;
				IPHONEOS_DEPLOYMENT_TARGET = 13.2;
				LD_RUNPATH_SEARCH_PATHS = (
					"$(inherited)",
					"@executable_path/Frameworks",
					"@loader_path/Frameworks",
				);
				PRODUCT_BUNDLE_IDENTIFIER = korczis.MinervaTests;
				PRODUCT_NAME = "$(TARGET_NAME)";
				SWIFT_VERSION = 5.0;
				TARGETED_DEVICE_FAMILY = "1,2";
				TEST_HOST = "$(BUILT_PRODUCTS_DIR)/MinervaEye.app/MinervaEye";
			};
			name = Debug;
		};
		8B843A312456018C008B461A /* Release */ = {
			isa = XCBuildConfiguration;
			buildSettings = {
				ALWAYS_EMBED_SWIFT_STANDARD_LIBRARIES = YES;
				BUNDLE_LOADER = "$(TEST_HOST)";
				CODE_SIGN_STYLE = Automatic;
				DEVELOPMENT_TEAM = K6FP9N8XL7;
				INFOPLIST_FILE = MinervaTests/Info.plist;
				IPHONEOS_DEPLOYMENT_TARGET = 13.2;
				LD_RUNPATH_SEARCH_PATHS = (
					"$(inherited)",
					"@executable_path/Frameworks",
					"@loader_path/Frameworks",
				);
				PRODUCT_BUNDLE_IDENTIFIER = korczis.MinervaTests;
				PRODUCT_NAME = "$(TARGET_NAME)";
				SWIFT_VERSION = 5.0;
				TARGETED_DEVICE_FAMILY = "1,2";
				TEST_HOST = "$(BUILT_PRODUCTS_DIR)/MinervaEye.app/MinervaEye";
			};
			name = Release;
		};
		8B843A332456018C008B461A /* Debug */ = {
			isa = XCBuildConfiguration;
			buildSettings = {
				ALWAYS_EMBED_SWIFT_STANDARD_LIBRARIES = YES;
				CODE_SIGN_STYLE = Automatic;
				DEVELOPMENT_TEAM = K6FP9N8XL7;
				INFOPLIST_FILE = MinervaUITests/Info.plist;
				LD_RUNPATH_SEARCH_PATHS = (
					"$(inherited)",
					"@executable_path/Frameworks",
					"@loader_path/Frameworks",
				);
				PRODUCT_BUNDLE_IDENTIFIER = korczis.MinervaUITests;
				PRODUCT_NAME = "$(TARGET_NAME)";
				SWIFT_VERSION = 5.0;
				TARGETED_DEVICE_FAMILY = "1,2";
				TEST_TARGET_NAME = Minerva;
			};
			name = Debug;
		};
		8B843A342456018C008B461A /* Release */ = {
			isa = XCBuildConfiguration;
			buildSettings = {
				ALWAYS_EMBED_SWIFT_STANDARD_LIBRARIES = YES;
				CODE_SIGN_STYLE = Automatic;
				DEVELOPMENT_TEAM = K6FP9N8XL7;
				INFOPLIST_FILE = MinervaUITests/Info.plist;
				LD_RUNPATH_SEARCH_PATHS = (
					"$(inherited)",
					"@executable_path/Frameworks",
					"@loader_path/Frameworks",
				);
				PRODUCT_BUNDLE_IDENTIFIER = korczis.MinervaUITests;
				PRODUCT_NAME = "$(TARGET_NAME)";
				SWIFT_VERSION = 5.0;
				TARGETED_DEVICE_FAMILY = "1,2";
				TEST_TARGET_NAME = Minerva;
			};
			name = Release;
		};
/* End XCBuildConfiguration section */

/* Begin XCConfigurationList section */
		8B8439F82456018B008B461A /* Build configuration list for PBXProject "MinervaEye" */ = {
			isa = XCConfigurationList;
			buildConfigurations = (
				8B843A2A2456018C008B461A /* Debug */,
				8B843A2B2456018C008B461A /* Release */,
			);
			defaultConfigurationIsVisible = 0;
			defaultConfigurationName = Release;
		};
		8B843A2C2456018C008B461A /* Build configuration list for PBXNativeTarget "MinervaEye" */ = {
			isa = XCConfigurationList;
			buildConfigurations = (
				8B843A2D2456018C008B461A /* Debug */,
				8B843A2E2456018C008B461A /* Release */,
			);
			defaultConfigurationIsVisible = 0;
			defaultConfigurationName = Release;
		};
		8B843A2F2456018C008B461A /* Build configuration list for PBXNativeTarget "MinervaEyeTests" */ = {
			isa = XCConfigurationList;
			buildConfigurations = (
				8B843A302456018C008B461A /* Debug */,
				8B843A312456018C008B461A /* Release */,
			);
			defaultConfigurationIsVisible = 0;
			defaultConfigurationName = Release;
		};
		8B843A322456018C008B461A /* Build configuration list for PBXNativeTarget "MinervaEyeUITests" */ = {
			isa = XCConfigurationList;
			buildConfigurations = (
				8B843A332456018C008B461A /* Debug */,
				8B843A342456018C008B461A /* Release */,
			);
			defaultConfigurationIsVisible = 0;
			defaultConfigurationName = Release;
		};
/* End XCConfigurationList section */

/* Begin XCVersionGroup section */
		8B843A0B2456018B008B461A /* MinervaEye.xcdatamodeld */ = {
			isa = XCVersionGroup;
			children = (
				8B843A0C2456018B008B461A /* Minerva.xcdatamodel */,
			);
			currentVersion = 8B843A0C2456018B008B461A /* Minerva.xcdatamodel */;
			path = MinervaEye.xcdatamodeld;
			sourceTree = "<group>";
			versionGroupType = wrapper.xcdatamodel;
		};
/* End XCVersionGroup section */
	};
	rootObject = 8B8439F52456018B008B461A /* Project object */;
}
